
Microsoft Visual Studio Solution File, Format Version 12.00
# Visual Studio Version 17
VisualStudioVersion = 17.4.33205.214
MinimumVisualStudioVersion = 10.0.40219.1
Project("{FAE04EC0-301F-11D3-BF4B-00C04F79EFBC}") = "BlazorApp1", "BlazorApp1\BlazorApp1.csproj", "{F4913F85-84C4-4CA8-A98F-006C608A2696}"
EndProject
Global
	GlobalSection(SolutionConfigurationPlatforms) = preSolution
		Debug|Any CPU = Debug|Any CPU
		Release|Any CPU = Release|Any CPU
	EndGlobalSection
	GlobalSection(ProjectConfigurationPlatforms) = postSolution
		{F4913F85-84C4-4CA8-A98F-006C608A2696}.Debug|Any CPU.ActiveCfg = Debug|Any CPU
		{F4913F85-84C4-4CA8-A98F-006C608A2696}.Debug|Any CPU.Build.0 = Debug|Any CPU
		{F4913F85-84C4-4CA8-A98F-006C608A2696}.Release|Any CPU.ActiveCfg = Release|Any CPU
		{F4913F85-84C4-4CA8-A98F-006C608A2696}.Release|Any CPU.Build.0 = Release|Any CPU
	EndGlobalSection
	GlobalSection(SolutionProperties) = preSolution
		HideSolutionNode = FALSE
	EndGlobalSection
	GlobalSection(ExtensibilityGlobals) = postSolution
		SolutionGuid = {1C945F54-38A8-4F07-BAF2-963368276009}
	EndGlobalSection
EndGlobal
